{
  "version": 4,
  "terraform_version": "1.14.0",
  "serial": 2,
  "lineage": "aeb823f4-5187-507b-35cc-966db21a9b6e",
  "outputs": {
    "generated_label": {
      "value": "uoe7vgm6r660f2r3",
      "type": "string"
    }
  },
  "resources": [
    {
      "mode": "managed",
      "type": "random_string",
      "name": "label",
      "provider": "provider[\"registry.terraform.io/hashicorp/random\"]",
      "instances": [
        {
          "schema_version": 2,
          "attributes": {
            "id": "uoe7vgm6r660f2r3",
            "keepers": null,
            "length": 16,
            "lower": true,
            "min_lower": 0,
            "min_numeric": 0,
            "min_special": 0,
            "min_upper": 0,
            "number": true,
            "numeric": true,
            "override_special": null,
            "result": "uoe7vgm6r660f2r3",
            "special": false,
            "upper": false
          },
          "sensitive_attributes": [],
          "identity_schema_version": 0
        }
      ]
    }
  ],
  "check_results": null
}
